
Microsoft Visual Studio Solution File, Format Version 12.00
# Visual Studio Version 16
VisualStudioVersion = 16.0.32802.440
MinimumVisualStudioVersion = 10.0.40219.1
Project("{FAE04EC0-301F-11D3-BF4B-00C04F79EFBC}") = "RandomizeFile", "RandomizeFile.csproj", "{D6C2998E-A47D-477C-BF5A-0A0DAF783DD9}"
EndProject
Global
	GlobalSection(SolutionConfigurationPlatforms) = preSolution
		Debug|Any CPU = Debug|Any CPU
		Release|Any CPU = Release|Any CPU
	EndGlobalSection
	GlobalSection(ProjectConfigurationPlatforms) = postSolution
		{D6C2998E-A47D-477C-BF5A-0A0DAF783DD9}.Debug|Any CPU.ActiveCfg = Debug|Any CPU
		{D6C2998E-A47D-477C-BF5A-0A0DAF783DD9}.Debug|Any CPU.Build.0 = Debug|Any CPU
		{D6C2998E-A47D-477C-BF5A-0A0DAF783DD9}.Release|Any CPU.ActiveCfg = Release|Any CPU
		{D6C2998E-A47D-477C-BF5A-0A0DAF783DD9}.Release|Any CPU.Build.0 = Release|Any CPU
	EndGlobalSection
	GlobalSection(SolutionProperties) = preSolution
		HideSolutionNode = FALSE
	EndGlobalSection
	GlobalSection(ExtensibilityGlobals) = postSolution
		SolutionGuid = {622F188C-A00E-4A59-95F4-809A3680FE88}
	EndGlobalSection
EndGlobal
